
Microsoft Visual Studio Solution File, Format Version 12.00
# Visual Studio Version 16
VisualStudioVersion = 16.0.30804.86
MinimumVisualStudioVersion = 10.0.40219.1
Project("{FAE04EC0-301F-11D3-BF4B-00C04F79EFBC}") = "AnketWinForm", "AnketWinForm\AnketWinForm.csproj", "{94459501-014E-4F03-A615-A1650BE3A44F}"
EndProject
Global
	GlobalSection(SolutionConfigurationPlatforms) = preSolution
		Debug|Any CPU = Debug|Any CPU
		Release|Any CPU = Release|Any CPU
	EndGlobalSection
	GlobalSection(ProjectConfigurationPlatforms) = postSolution
		{94459501-014E-4F03-A615-A1650BE3A44F}.Debug|Any CPU.ActiveCfg = Debug|Any CPU
		{94459501-014E-4F03-A615-A1650BE3A44F}.Debug|Any CPU.Build.0 = Debug|Any CPU
		{94459501-014E-4F03-A615-A1650BE3A44F}.Release|Any CPU.ActiveCfg = Release|Any CPU
		{94459501-014E-4F03-A615-A1650BE3A44F}.Release|Any CPU.Build.0 = Release|Any CPU
	EndGlobalSection
	GlobalSection(SolutionProperties) = preSolution
		HideSolutionNode = FALSE
	EndGlobalSection
	GlobalSection(ExtensibilityGlobals) = postSolution
		SolutionGuid = {7FAD2763-2197-4462-881F-AB1F26307F41}
	EndGlobalSection
EndGlobal
